
Microsoft Visual Studio Solution File, Format Version 12.00
# Visual Studio Version 17
VisualStudioVersion = 17.0.31903.59
MinimumVisualStudioVersion = 10.0.40219.1
Project("{FAE04EC0-301F-11D3-BF4B-00C04F79EFBC}") = "Server", "Server\Server.csproj", "{5FB9B0A1-B640-46A5-A1D8-C94898D1C46C}"
EndProject
Project("{FAE04EC0-301F-11D3-BF4B-00C04F79EFBC}") = "Client", "Client\Client.csproj", "{B3CC8B15-7137-4D54-8B72-62F5205D47CE}"
EndProject
Global
	GlobalSection(SolutionConfigurationPlatforms) = preSolution
		Debug|Any CPU = Debug|Any CPU
		Debug|x64 = Debug|x64
		Debug|x86 = Debug|x86
		Release|Any CPU = Release|Any CPU
		Release|x64 = Release|x64
		Release|x86 = Release|x86
	EndGlobalSection
	GlobalSection(ProjectConfigurationPlatforms) = postSolution
		{5FB9B0A1-B640-46A5-A1D8-C94898D1C46C}.Debug|Any CPU.ActiveCfg = Debug|Any CPU
		{5FB9B0A1-B640-46A5-A1D8-C94898D1C46C}.Debug|Any CPU.Build.0 = Debug|Any CPU
		{5FB9B0A1-B640-46A5-A1D8-C94898D1C46C}.Debug|x64.ActiveCfg = Debug|Any CPU
		{5FB9B0A1-B640-46A5-A1D8-C94898D1C46C}.Debug|x64.Build.0 = Debug|Any CPU
		{5FB9B0A1-B640-46A5-A1D8-C94898D1C46C}.Debug|x86.ActiveCfg = Debug|Any CPU
		{5FB9B0A1-B640-46A5-A1D8-C94898D1C46C}.Debug|x86.Build.0 = Debug|Any CPU
		{5FB9B0A1-B640-46A5-A1D8-C94898D1C46C}.Release|Any CPU.ActiveCfg = Release|Any CPU
		{5FB9B0A1-B640-46A5-A1D8-C94898D1C46C}.Release|Any CPU.Build.0 = Release|Any CPU
		{5FB9B0A1-B640-46A5-A1D8-C94898D1C46C}.Release|x64.ActiveCfg = Release|Any CPU
		{5FB9B0A1-B640-46A5-A1D8-C94898D1C46C}.Release|x64.Build.0 = Release|Any CPU
		{5FB9B0A1-B640-46A5-A1D8-C94898D1C46C}.Release|x86.ActiveCfg = Release|Any CPU
		{5FB9B0A1-B640-46A5-A1D8-C94898D1C46C}.Release|x86.Build.0 = Release|Any CPU
		{B3CC8B15-7137-4D54-8B72-62F5205D47CE}.Debug|Any CPU.ActiveCfg = Debug|Any CPU
		{B3CC8B15-7137-4D54-8B72-62F5205D47CE}.Debug|Any CPU.Build.0 = Debug|Any CPU
		{B3CC8B15-7137-4D54-8B72-62F5205D47CE}.Debug|x64.ActiveCfg = Debug|Any CPU
		{B3CC8B15-7137-4D54-8B72-62F5205D47CE}.Debug|x64.Build.0 = Debug|Any CPU
		{B3CC8B15-7137-4D54-8B72-62F5205D47CE}.Debug|x86.ActiveCfg = Debug|Any CPU
		{B3CC8B15-7137-4D54-8B72-62F5205D47CE}.Debug|x86.Build.0 = Debug|Any CPU
		{B3CC8B15-7137-4D54-8B72-62F5205D47CE}.Release|Any CPU.ActiveCfg = Release|Any CPU
		{B3CC8B15-7137-4D54-8B72-62F5205D47CE}.Release|Any CPU.Build.0 = Release|Any CPU
		{B3CC8B15-7137-4D54-8B72-62F5205D47CE}.Release|x64.ActiveCfg = Release|Any CPU
		{B3CC8B15-7137-4D54-8B72-62F5205D47CE}.Release|x64.Build.0 = Release|Any CPU
		{B3CC8B15-7137-4D54-8B72-62F5205D47CE}.Release|x86.ActiveCfg = Release|Any CPU
		{B3CC8B15-7137-4D54-8B72-62F5205D47CE}.Release|x86.Build.0 = Release|Any CPU
	EndGlobalSection
	GlobalSection(SolutionProperties) = preSolution
		HideSolutionNode = FALSE
	EndGlobalSection
EndGlobal
